
Microsoft Visual Studio Solution File, Format Version 12.00
Project("{FAE04EC0-301F-11D3-BF4B-00C04F79EFBC}") = "X1BackendProject", "X1BackendProject\X1BackendProject.csproj", "{FD542541-D376-4768-AEB6-9831F8890006}"
EndProject
Global
	GlobalSection(SolutionConfigurationPlatforms) = preSolution
		Debug|Any CPU = Debug|Any CPU
		Release|Any CPU = Release|Any CPU
	EndGlobalSection
	GlobalSection(ProjectConfigurationPlatforms) = postSolution
		{FD542541-D376-4768-AEB6-9831F8890006}.Debug|Any CPU.ActiveCfg = Debug|Any CPU
		{FD542541-D376-4768-AEB6-9831F8890006}.Debug|Any CPU.Build.0 = Debug|Any CPU
		{FD542541-D376-4768-AEB6-9831F8890006}.Release|Any CPU.ActiveCfg = Release|Any CPU
		{FD542541-D376-4768-AEB6-9831F8890006}.Release|Any CPU.Build.0 = Release|Any CPU
	EndGlobalSection
EndGlobal
